
Microsoft Visual Studio Solution File, Format Version 12.00
# Visual Studio Version 16
VisualStudioVersion = 16.0.31729.503
MinimumVisualStudioVersion = 10.0.40219.1
Project("{9A19103F-16F7-4668-BE54-9A1E7A4F7556}") = "Calculator", "src\Calculator\Calculator.csproj", "{6BB19B15-E6D9-4976-93B1-B9A11B97EA55}"
EndProject
Project("{9A19103F-16F7-4668-BE54-9A1E7A4F7556}") = "CalculatorLibrary", "src\CalculatorLibrary\CalculatorLibrary.csproj", "{D019943A-AEAA-49CF-9A91-827B39C21450}"
EndProject
Project("{9A19103F-16F7-4668-BE54-9A1E7A4F7556}") = "CalculatorLibrary.Tests", "tests\CalculatorLibrary.Tests\CalculatorLibrary.Tests.csproj", "{9AC7AE15-E8F9-479F-974B-40CBB94A4432}"
EndProject
Project("{FAE04EC0-301F-11D3-BF4B-00C04F79EFBC}") = "Calculator.Tests", "tests\Calculator.Tests\Calculator.Tests.csproj", "{0165C99C-C09B-4B89-8784-9BFB2D183E58}"
EndProject
Global
	GlobalSection(SolutionConfigurationPlatforms) = preSolution
		Debug|Any CPU = Debug|Any CPU
		Release|Any CPU = Release|Any CPU
	EndGlobalSection
	GlobalSection(ProjectConfigurationPlatforms) = postSolution
		{6BB19B15-E6D9-4976-93B1-B9A11B97EA55}.Debug|Any CPU.ActiveCfg = Debug|Any CPU
		{6BB19B15-E6D9-4976-93B1-B9A11B97EA55}.Debug|Any CPU.Build.0 = Debug|Any CPU
		{6BB19B15-E6D9-4976-93B1-B9A11B97EA55}.Release|Any CPU.ActiveCfg = Release|Any CPU
		{6BB19B15-E6D9-4976-93B1-B9A11B97EA55}.Release|Any CPU.Build.0 = Release|Any CPU
		{D019943A-AEAA-49CF-9A91-827B39C21450}.Debug|Any CPU.ActiveCfg = Debug|Any CPU
		{D019943A-AEAA-49CF-9A91-827B39C21450}.Debug|Any CPU.Build.0 = Debug|Any CPU
		{D019943A-AEAA-49CF-9A91-827B39C21450}.Release|Any CPU.ActiveCfg = Release|Any CPU
		{D019943A-AEAA-49CF-9A91-827B39C21450}.Release|Any CPU.Build.0 = Release|Any CPU
		{9AC7AE15-E8F9-479F-974B-40CBB94A4432}.Debug|Any CPU.ActiveCfg = Debug|Any CPU
		{9AC7AE15-E8F9-479F-974B-40CBB94A4432}.Debug|Any CPU.Build.0 = Debug|Any CPU
		{9AC7AE15-E8F9-479F-974B-40CBB94A4432}.Release|Any CPU.ActiveCfg = Release|Any CPU
		{9AC7AE15-E8F9-479F-974B-40CBB94A4432}.Release|Any CPU.Build.0 = Release|Any CPU
		{0165C99C-C09B-4B89-8784-9BFB2D183E58}.Debug|Any CPU.ActiveCfg = Debug|Any CPU
		{0165C99C-C09B-4B89-8784-9BFB2D183E58}.Debug|Any CPU.Build.0 = Debug|Any CPU
		{0165C99C-C09B-4B89-8784-9BFB2D183E58}.Release|Any CPU.ActiveCfg = Release|Any CPU
		{0165C99C-C09B-4B89-8784-9BFB2D183E58}.Release|Any CPU.Build.0 = Release|Any CPU
	EndGlobalSection
	GlobalSection(SolutionProperties) = preSolution
		HideSolutionNode = FALSE
	EndGlobalSection
	GlobalSection(ExtensibilityGlobals) = postSolution
		SolutionGuid = {B12BA49F-CC41-480B-BAC8-A8E09FAA459E}
	EndGlobalSection
EndGlobal
